// !$*UTF8*$!
{
	archiveVersion = 1;
	classes = {
	};
	objectVersion = 46;
	objects = {

/* Begin PBXBuildFile section */
		156FD68C1CC56C770081A8D9 /* main.m in Sources */ = {isa = PBXBuildFile; fileRef = 156FD68B1CC56C770081A8D9 /* main.m */; };
		156FD68F1CC56C770081A8D9 /* AppDelegate.m in Sources */ = {isa = PBXBuildFile; fileRef = 156FD68E1CC56C770081A8D9 /* AppDelegate.m */; };
		156FD6921CC56C770081A8D9 /* ViewController.m in Sources */ = {isa = PBXBuildFile; fileRef = 156FD6911CC56C770081A8D9 /* ViewController.m */; };
		156FD6951CC56C770081A8D9 /* Main.storyboard in Resources */ = {isa = PBXBuildFile; fileRef = 156FD6931CC56C770081A8D9 /* Main.storyboard */; };
		156FD6971CC56C770081A8D9 /* Assets.xcassets in Resources */ = {isa = PBXBuildFile; fileRef = 156FD6961CC56C770081A8D9 /* Assets.xcassets */; };
		156FD69A1CC56C770081A8D9 /* LaunchScreen.storyboard in Resources */ = {isa = PBXBuildFile; fileRef = 156FD6981CC56C770081A8D9 /* LaunchScreen.storyboard */; };
		156FD6A91CC5761B0081A8D9 /* MBProgressHUD.m in Sources */ = {isa = PBXBuildFile; fileRef = 156FD6A71CC5761B0081A8D9 /* MBProgressHUD.m */; };
		C881F3B3929854EC6DEFCEDF /* libPods-macy_chuzhao.a in Frameworks */ = {isa = PBXBuildFile; fileRef = 8BFB1C954F6691D4E5C5D600 /* libPods-macy_chuzhao.a */; };
/* End PBXBuildFile section */

/* Begin PBXFileReference section */
		156FD6871CC56C770081A8D9 /* macy_chuzhao.app */ = {isa = PBXFileReference; explicitFileType = wrapper.application; includeInIndex = 0; path = macy_chuzhao.app; sourceTree = BUILT_PRODUCTS_DIR; };
		156FD68B1CC56C770081A8D9 /* main.m */ = {isa = PBXFileReference; lastKnownFileType = sourcecode.c.objc; path = main.m; sourceTree = "<group>"; };
		156FD68D1CC56C770081A8D9 /* AppDelegate.h */ = {isa = PBXFileReference; lastKnownFileType = sourcecode.c.h; path = AppDelegate.h; sourceTree = "<group>"; };
		156FD68E1CC56C770081A8D9 /* AppDelegate.m */ = {isa = PBXFileReference; lastKnownFileType = sourcecode.c.objc; path = AppDelegate.m; sourceTree = "<group>"; };
		156FD6901CC56C770081A8D9 /* ViewController.h */ = {isa = PBXFileReference; lastKnownFileType = sourcecode.c.h; path = ViewController.h; sourceTree = "<group>"; };
		156FD6911CC56C770081A8D9 /* ViewController.m */ = {isa = PBXFileReference; lastKnownFileType = sourcecode.c.objc; path = ViewController.m; sourceTree = "<group>"; };
		156FD6941CC56C770081A8D9 /* Base */ = {isa = PBXFileReference; lastKnownFileType = file.storyboard; name = Base; path = Base.lproj/Main.storyboard; sourceTree = "<group>"; };
		156FD6961CC56C770081A8D9 /* Assets.xcassets */ = {isa = PBXFileReference; lastKnownFileType = folder.assetcatalog; path = Assets.xcassets; sourceTree = "<group>"; };
		156FD6991CC56C770081A8D9 /* Base */ = {isa = PBXFileReference; lastKnownFileType = file.storyboard; name = Base; path = Base.lproj/LaunchScreen.storyboard; sourceTree = "<group>"; };
		156FD69B1CC56C770081A8D9 /* Info.plist */ = {isa = PBXFileReference; lastKnownFileType = text.plist.xml; path = Info.plist; sourceTree = "<group>"; };
		156FD6A71CC5761B0081A8D9 /* MBProgressHUD.m */ = {isa = PBXFileReference; fileEncoding = 4; lastKnownFileType = sourcecode.c.objc; path = MBProgressHUD.m; sourceTree = "<group>"; };
		156FD6A81CC5761B0081A8D9 /* MBProgressHUD.h */ = {isa = PBXFileReference; fileEncoding = 4; lastKnownFileType = sourcecode.c.h; path = MBProgressHUD.h; sourceTree = "<group>"; };
		8BFB1C954F6691D4E5C5D600 /* libPods-macy_chuzhao.a */ = {isa = PBXFileReference; explicitFileType = archive.ar; includeInIndex = 0; path = "libPods-macy_chuzhao.a"; sourceTree = BUILT_PRODUCTS_DIR; };
		AC4C1DC3D82D8A6BC5BEFCD8 /* Pods-macy_chuzhao.release.xcconfig */ = {isa = PBXFileReference; includeInIndex = 1; lastKnownFileType = text.xcconfig; name = "Pods-macy_chuzhao.release.xcconfig"; path = "Pods/Target Support Files/Pods-macy_chuzhao/Pods-macy_chuzhao.release.xcconfig"; sourceTree = "<group>"; };
		C2F5BD98821FEC1DB7654B60 /* Pods-macy_chuzhao.debug.xcconfig */ = {isa = PBXFileReference; includeInIndex = 1; lastKnownFileType = text.xcconfig; name = "Pods-macy_chuzhao.debug.xcconfig"; path = "Pods/Target Support Files/Pods-macy_chuzhao/Pods-macy_chuzhao.debug.xcconfig"; sourceTree = "<group>"; };
/* End PBXFileReference section */

/* Begin PBXFrameworksBuildPhase section */
		156FD6841CC56C770081A8D9 /* Frameworks */ = {
			isa = PBXFrameworksBuildPhase;
			buildActionMask = 2147483647;
			files = (
				C881F3B3929854EC6DEFCEDF /* libPods-macy_chuzhao.a in Frameworks */,
			);
			runOnlyForDeploymentPostprocessing = 0;
		};
/* End PBXFrameworksBuildPhase section */

/* Begin PBXGroup section */
		156FD67E1CC56C770081A8D9 = {
			isa = PBXGroup;
			children = (
				156FD6A61CC5760A0081A8D9 /* MBprogressHud */,
				156FD6891CC56C770081A8D9 /* macy_chuzhao */,
				156FD6881CC56C770081A8D9 /* Products */,
				43BDF6F0AB4224FA513FD05A /* Pods */,
				EA1A818BB0DA44E7E35D67F1 /* Frameworks */,
			);
			sourceTree = "<group>";
		};
		156FD6881CC56C770081A8D9 /* Products */ = {
			isa = PBXGroup;
			children = (
				156FD6871CC56C770081A8D9 /* macy_chuzhao.app */,
			);
			name = Products;
			sourceTree = "<group>";
		};
		156FD6891CC56C770081A8D9 /* macy_chuzhao */ = {
			isa = PBXGroup;
			children = (
				156FD68D1CC56C770081A8D9 /* AppDelegate.h */,
				156FD68E1CC56C770081A8D9 /* AppDelegate.m */,
				156FD6901CC56C770081A8D9 /* ViewController.h */,
				156FD6911CC56C770081A8D9 /* ViewController.m */,
				156FD6931CC56C770081A8D9 /* Main.storyboard */,
				156FD6961CC56C770081A8D9 /* Assets.xcassets */,
				156FD6981CC56C770081A8D9 /* LaunchScreen.storyboard */,
				156FD69B1CC56C770081A8D9 /* Info.plist */,
				156FD68A1CC56C770081A8D9 /* Supporting Files */,
			);
			path = macy_chuzhao;
			sourceTree = "<group>";
		};
		156FD68A1CC56C770081A8D9 /* Supporting Files */ = {
			isa = PBXGroup;
			children = (
				156FD68B1CC56C770081A8D9 /* main.m */,
			);
			name = "Supporting Files";
			sourceTree = "<group>";
		};
		156FD6A61CC5760A0081A8D9 /* MBprogressHud */ = {
			isa = PBXGroup;
			children = (
				156FD6A71CC5761B0081A8D9 /* MBProgressHUD.m */,
				156FD6A81CC5761B0081A8D9 /* MBProgressHUD.h */,
			);
			name = MBprogressHud;
			sourceTree = "<group>";
		};
		43BDF6F0AB4224FA513FD05A /* Pods */ = {
			isa = PBXGroup;
			children = (
				C2F5BD98821FEC1DB7654B60 /* Pods-macy_chuzhao.debug.xcconfig */,
				AC4C1DC3D82D8A6BC5BEFCD8 /* Pods-macy_chuzhao.release.xcconfig */,
			);
			name = Pods;
			sourceTree = "<group>";
		};
		EA1A818BB0DA44E7E35D67F1 /* Frameworks */ = {
			isa = PBXGroup;
			children = (
				8BFB1C954F6691D4E5C5D600 /* libPods-macy_chuzhao.a */,
			);
			name = Frameworks;
			sourceTree = "<group>";
		};
/* End PBXGroup section */

/* Begin PBXNativeTarget section */
		156FD6861CC56C770081A8D9 /* macy_chuzhao */ = {
			isa = PBXNativeTarget;
			buildConfigurationList = 156FD69E1CC56C770081A8D9 /* Build configuration list for PBXNativeTarget "macy_chuzhao" */;
			buildPhases = (
				DC26054E39CE2CFD5CB20840 /* Check Pods Manifest.lock */,
				156FD6831CC56C770081A8D9 /* Sources */,
				156FD6841CC56C770081A8D9 /* Frameworks */,
				156FD6851CC56C770081A8D9 /* Resources */,
				CCBC555EDB12DBC6AC6BE201 /* Embed Pods Frameworks */,
				C663C89891A7760B9CFAF69B /* Copy Pods Resources */,
			);
			buildRules = (
			);
			dependencies = (
			);
			name = macy_chuzhao;
			productName = macy_chuzhao;
			productReference = 156FD6871CC56C770081A8D9 /* macy_chuzhao.app */;
			productType = "com.apple.product-type.application";
		};
/* End PBXNativeTarget section */

/* Begin PBXProject section */
		156FD67F1CC56C770081A8D9 /* Project object */ = {
			isa = PBXProject;
			attributes = {
				LastUpgradeCheck = 0730;
				ORGANIZATIONNAME = Zick;
				TargetAttributes = {
					156FD6861CC56C770081A8D9 = {
						CreatedOnToolsVersion = 7.3;
					};
				};
			};
			buildConfigurationList = 156FD6821CC56C770081A8D9 /* Build configuration list for PBXProject "macy_chuzhao" */;
			compatibilityVersion = "Xcode 3.2";
			developmentRegion = English;
			hasScannedForEncodings = 0;
			knownRegions = (
				en,
				Base,
			);
			mainGroup = 156FD67E1CC56C770081A8D9;
			productRefGroup = 156FD6881CC56C770081A8D9 /* Products */;
			projectDirPath = "";
			projectRoot = "";
			targets = (
				156FD6861CC56C770081A8D9 /* macy_chuzhao */,
			);
		};
/* End PBXProject section */

/* Begin PBXResourcesBuildPhase section */
		156FD6851CC56C770081A8D9 /* Resources */ = {
			isa = PBXResourcesBuildPhase;
			buildActionMask = 2147483647;
			files = (
				156FD69A1CC56C770081A8D9 /* LaunchScreen.storyboard in Resources */,
				156FD6971CC56C770081A8D9 /* Assets.xcassets in Resources */,
				156FD6951CC56C770081A8D9 /* Main.storyboard in Resources */,
			);
			runOnlyForDeploymentPostprocessing = 0;
		};
/* End PBXResourcesBuildPhase section */

/* Begin PBXShellScriptBuildPhase section */
		C663C89891A7760B9CFAF69B /* Copy Pods Resources */ = {
			isa = PBXShellScriptBuildPhase;
			buildActionMask = 2147483647;
			files = (
			);
			inputPaths = (
			);
			name = "Copy Pods Resources";
			outputPaths = (
			);
			runOnlyForDeploymentPostprocessing = 0;
			shellPath = /bin/sh;
			shellScript = "\"${SRCROOT}/Pods/Target Support Files/Pods-macy_chuzhao/Pods-macy_chuzhao-resources.sh\"\n";
			showEnvVarsInLog = 0;
		};
		CCBC555EDB12DBC6AC6BE201 /* Embed Pods Frameworks */ = {
			isa = PBXShellScriptBuildPhase;
			buildActionMask = 2147483647;
			files = (
			);
			inputPaths = (
			);
			name = "Embed Pods Frameworks";
			outputPaths = (
			);
			runOnlyForDeploymentPostprocessing = 0;
			shellPath = /bin/sh;
			shellScript = "\"${SRCROOT}/Pods/Target Support Files/Pods-macy_chuzhao/Pods-macy_chuzhao-frameworks.sh\"\n";
			showEnvVarsInLog = 0;
		};
		DC26054E39CE2CFD5CB20840 /* Check Pods Manifest.lock */ = {
			isa = PBXShellScriptBuildPhase;
			buildActionMask = 2147483647;
			files = (
			);
			inputPaths = (
			);
			name = "Check Pods Manifest.lock";
			outputPaths = (
			);
			runOnlyForDeploymentPostprocessing = 0;
			shellPath = /bin/sh;
			shellScript = "diff \"${PODS_ROOT}/../Podfile.lock\" \"${PODS_ROOT}/Manifest.lock\" > /dev/null\nif [[ $? != 0 ]] ; then\n    cat << EOM\nerror: The sandbox is not in sync with the Podfile.lock. Run 'pod install' or update your CocoaPods installation.\nEOM\n    exit 1\nfi\n";
			showEnvVarsInLog = 0;
		};
/* End PBXShellScriptBuildPhase section */

/* Begin PBXSourcesBuildPhase section */
		156FD6831CC56C770081A8D9 /* Sources */ = {
			isa = PBXSourcesBuildPhase;
			buildActionMask = 2147483647;
			files = (
				156FD6921CC56C770081A8D9 /* ViewController.m in Sources */,
				156FD68F1CC56C770081A8D9 /* AppDelegate.m in Sources */,
				156FD68C1CC56C770081A8D9 /* main.m in Sources */,
				156FD6A91CC5761B0081A8D9 /* MBProgressHUD.m in Sources */,
			);
			runOnlyForDeploymentPostprocessing = 0;
		};
/* End PBXSourcesBuildPhase section */

/* Begin PBXVariantGroup section */
		156FD6931CC56C770081A8D9 /* Main.storyboard */ = {
			isa = PBXVariantGroup;
			children = (
				156FD6941CC56C770081A8D9 /* Base */,
			);
			name = Main.storyboard;
			sourceTree = "<group>";
		};
		156FD6981CC56C770081A8D9 /* LaunchScreen.storyboard */ = {
			isa = PBXVariantGroup;
			children = (
				156FD6991CC56C770081A8D9 /* Base */,
			);
			name = LaunchScreen.storyboard;
			sourceTree = "<group>";
		};
/* End PBXVariantGroup section */

/* Begin XCBuildConfiguration section */
		156FD69C1CC56C770081A8D9 /* Debug */ = {
			isa = XCBuildConfiguration;
			buildSettings = {
				ALWAYS_SEARCH_USER_PATHS = NO;
				CLANG_ANALYZER_NONNULL = YES;
				CLANG_CXX_LANGUAGE_STANDARD = "gnu++0x";
				CLANG_CXX_LIBRARY = "libc++";
				CLANG_ENABLE_MODULES = YES;
				CLANG_ENABLE_OBJC_ARC = YES;
				CLANG_WARN_BOOL_CONVERSION = YES;
				CLANG_WARN_CONSTANT_CONVERSION = YES;
				CLANG_WARN_DIRECT_OBJC_ISA_USAGE = YES_ERROR;
				CLANG_WARN_EMPTY_BODY = YES;
				CLANG_WARN_ENUM_CONVERSION = YES;
				CLANG_WARN_INT_CONVERSION = YES;
				CLANG_WARN_OBJC_ROOT_CLASS = YES_ERROR;
				CLANG_WARN_UNREACHABLE_CODE = YES;
				CLANG_WARN__DUPLICATE_METHOD_MATCH = YES;
				"CODE_SIGN_IDENTITY[sdk=iphoneos*]" = "iPhone Developer";
				COPY_PHASE_STRIP = NO;
				DEBUG_INFORMATION_FORMAT = dwarf;
				ENABLE_STRICT_OBJC_MSGSEND = YES;
				ENABLE_TESTABILITY = YES;
				GCC_C_LANGUAGE_STANDARD = gnu99;
				GCC_DYNAMIC_NO_PIC = NO;
				GCC_NO_COMMON_BLOCKS = YES;
				GCC_OPTIMIZATION_LEVEL = 0;
				GCC_PREPROCESSOR_DEFINITIONS = (
					"DEBUG=1",
					"$(inherited)",
				);
				GCC_WARN_64_TO_32_BIT_CONVERSION = YES;
				GCC_WARN_ABOUT_RETURN_TYPE = YES_ERROR;
				GCC_WARN_UNDECLARED_SELECTOR = YES;
				GCC_WARN_UNINITIALIZED_AUTOS = YES_AGGRESSIVE;
				GCC_WARN_UNUSED_FUNCTION = YES;
				GCC_WARN_UNUSED_VARIABLE = YES;
				IPHONEOS_DEPLOYMENT_TARGET = 9.3;
				MTL_ENABLE_DEBUG_INFO = YES;
				ONLY_ACTIVE_ARCH = YES;
				SDKROOT = iphoneos;
				TARGETED_DEVICE_FAMILY = "1,2";
			};
			name = Debug;
		};
		156FD69D1CC56C770081A8D9 /* Release */ = {
			isa = XCBuildConfiguration;
			buildSettings = {
				ALWAYS_SEARCH_USER_PATHS = NO;
				CLANG_ANALYZER_NONNULL = YES;
				CLANG_CXX_LANGUAGE_STANDARD = "gnu++0x";
				CLANG_CXX_LIBRARY = "libc++";
				CLANG_ENABLE_MODULES = YES;
				CLANG_ENABLE_OBJC_ARC = YES;
				CLANG_WARN_BOOL_CONVERSION = YES;
				CLANG_WARN_CONSTANT_CONVERSION = YES;
				CLANG_WARN_DIRECT_OBJC_ISA_USAGE = YES_ERROR;
				CLANG_WARN_EMPTY_BODY = YES;
				CLANG_WARN_ENUM_CONVERSION = YES;
				CLANG_WARN_INT_CONVERSION = YES;
				CLANG_WARN_OBJC_ROOT_CLASS = YES_ERROR;
				CLANG_WARN_UNREACHABLE_CODE = YES;
				CLANG_WARN__DUPLICATE_METHOD_MATCH = YES;
				"CODE_SIGN_IDENTITY[sdk=iphoneos*]" = "iPhone Developer";
				COPY_PHASE_STRIP = NO;
				DEBUG_INFORMATION_FORMAT = "dwarf-with-dsym";
				ENABLE_NS_ASSERTIONS = NO;
				ENABLE_STRICT_OBJC_MSGSEND = YES;
				GCC_C_LANGUAGE_STANDARD = gnu99;
				GCC_NO_COMMON_BLOCKS = YES;
				GCC_WARN_64_TO_32_BIT_CONVERSION = YES;
				GCC_WARN_ABOUT_RETURN_TYPE = YES_ERROR;
				GCC_WARN_UNDECLARED_SELECTOR = YES;
				GCC_WARN_UNINITIALIZED_AUTOS = YES_AGGRESSIVE;
				GCC_WARN_UNUSED_FUNCTION = YES;
				GCC_WARN_UNUSED_VARIABLE = YES;
				IPHONEOS_DEPLOYMENT_TARGET = 9.3;
				MTL_ENABLE_DEBUG_INFO = NO;
				SDKROOT = iphoneos;
				TARGETED_DEVICE_FAMILY = "1,2";
				VALIDATE_PRODUCT = YES;
			};
			name = Release;
		};
		156FD69F1CC56C770081A8D9 /* Debug */ = {
			isa = XCBuildConfiguration;
			baseConfigurationReference = C2F5BD98821FEC1DB7654B60 /* Pods-macy_chuzhao.debug.xcconfig */;
			buildSettings = {
				ASSETCATALOG_COMPILER_APPICON_NAME = AppIcon;
				INFOPLIST_FILE = macy_chuzhao/Info.plist;
				LD_RUNPATH_SEARCH_PATHS = "$(inherited) @executable_path/Frameworks";
				PRODUCT_BUNDLE_IDENTIFIER = "zc.macy-chuzhao";
				PRODUCT_NAME = "$(TARGET_NAME)";
			};
			name = Debug;
		};
		156FD6A01CC56C770081A8D9 /* Release */ = {
			isa = XCBuildConfiguration;
			baseConfigurationReference = AC4C1DC3D82D8A6BC5BEFCD8 /* Pods-macy_chuzhao.release.xcconfig */;
			buildSettings = {
				ASSETCATALOG_COMPILER_APPICON_NAME = AppIcon;
				INFOPLIST_FILE = macy_chuzhao/Info.plist;
				LD_RUNPATH_SEARCH_PATHS = "$(inherited) @executable_path/Frameworks";
				PRODUCT_BUNDLE_IDENTIFIER = "zc.macy-chuzhao";
				PRODUCT_NAME = "$(TARGET_NAME)";
			};
			name = Release;
		};
/* End XCBuildConfiguration section */

/* Begin XCConfigurationList section */
		156FD6821CC56C770081A8D9 /* Build configuration list for PBXProject "macy_chuzhao" */ = {
			isa = XCConfigurationList;
			buildConfigurations = (
				156FD69C1CC56C770081A8D9 /* Debug */,
				156FD69D1CC56C770081A8D9 /* Release */,
			);
			defaultConfigurationIsVisible = 0;
			defaultConfigurationName = Release;
		};
		156FD69E1CC56C770081A8D9 /* Build configuration list for PBXNativeTarget "macy_chuzhao" */ = {
			isa = XCConfigurationList;
			buildConfigurations = (
				156FD69F1CC56C770081A8D9 /* Debug */,
				156FD6A01CC56C770081A8D9 /* Release */,
			);
			defaultConfigurationIsVisible = 0;
			defaultConfigurationName = Release;
		};
/* End XCConfigurationList section */
	};
	rootObject = 156FD67F1CC56C770081A8D9 /* Project object */;
}
